// !$*UTF8*$!
{
	archiveVersion = 1;
	classes = {
	};
	objectVersion = 50;
	objects = {

/* Begin PBXBuildFile section */
		02807AD1207BC487000A250C /* ShareViewController.swift in Sources */ = {isa = PBXBuildFile; fileRef = 02807AD0207BC487000A250C /* ShareViewController.swift */; };
		02A753A52078F9AE00A1EB7C /* OfferTableViewCell.swift in Sources */ = {isa = PBXBuildFile; fileRef = 02A753A42078F9AE00A1EB7C /* OfferTableViewCell.swift */; };
		02C6AC1220781A6700FBE4B1 /* Localizable.strings in Resources */ = {isa = PBXBuildFile; fileRef = 02C6AC1420781A6700FBE4B1 /* Localizable.strings */; };
		02C6AC1720781F1A00FBE4B1 /* Offer.swift in Sources */ = {isa = PBXBuildFile; fileRef = 02C6AC1620781F1A00FBE4B1 /* Offer.swift */; };
		02DCAC7F2077921C00C61D1C /* AppDelegate.swift in Sources */ = {isa = PBXBuildFile; fileRef = 02DCAC7E2077921C00C61D1C /* AppDelegate.swift */; };
		02DCAC812077921C00C61D1C /* ViewController.swift in Sources */ = {isa = PBXBuildFile; fileRef = 02DCAC802077921C00C61D1C /* ViewController.swift */; };
		02DCAC842077921C00C61D1C /* Main.storyboard in Resources */ = {isa = PBXBuildFile; fileRef = 02DCAC822077921C00C61D1C /* Main.storyboard */; };
		02DCAC862077921E00C61D1C /* Assets.xcassets in Resources */ = {isa = PBXBuildFile; fileRef = 02DCAC852077921E00C61D1C /* Assets.xcassets */; };
		02DCAC892077921E00C61D1C /* LaunchScreen.storyboard in Resources */ = {isa = PBXBuildFile; fileRef = 02DCAC872077921E00C61D1C /* LaunchScreen.storyboard */; };
		02DCAC942077921F00C61D1C /* OffersTests.swift in Sources */ = {isa = PBXBuildFile; fileRef = 02DCAC932077921F00C61D1C /* OffersTests.swift */; };
/* End PBXBuildFile section */

/* Begin PBXContainerItemProxy section */
		02DCAC902077921F00C61D1C /* PBXContainerItemProxy */ = {
			isa = PBXContainerItemProxy;
			containerPortal = 02DCAC732077921C00C61D1C /* Project object */;
			proxyType = 1;
			remoteGlobalIDString = 02DCAC7A2077921C00C61D1C;
			remoteInfo = Offers;
		};
/* End PBXContainerItemProxy section */

/* Begin PBXFileReference section */
		027E7A28207D44AF00F6690B /* ar */ = {isa = PBXFileReference; lastKnownFileType = text.plist.strings; name = ar; path = ar.lproj/LaunchScreen.strings; sourceTree = "<group>"; };
		027E7A29207D44AF00F6690B /* ar */ = {isa = PBXFileReference; lastKnownFileType = text.plist.strings; name = ar; path = ar.lproj/Localizable.strings; sourceTree = "<group>"; };
		027E7A2B207D479B00F6690B /* ar */ = {isa = PBXFileReference; lastKnownFileType = file.storyboard; name = ar; path = ar.lproj/Main.storyboard; sourceTree = "<group>"; };
		027E7A2C207D479B00F6690B /* en */ = {isa = PBXFileReference; lastKnownFileType = file.storyboard; name = en; path = en.lproj/Main.storyboard; sourceTree = "<group>"; };
		027E7A2D207D47EF00F6690B /* Base */ = {isa = PBXFileReference; lastKnownFileType = file.storyboard; name = Base; path = Base.lproj/Main.storyboard; sourceTree = "<group>"; };
		02807AD0207BC487000A250C /* ShareViewController.swift */ = {isa = PBXFileReference; lastKnownFileType = sourcecode.swift; path = ShareViewController.swift; sourceTree = "<group>"; };
		02A753A42078F9AE00A1EB7C /* OfferTableViewCell.swift */ = {isa = PBXFileReference; lastKnownFileType = sourcecode.swift; path = OfferTableViewCell.swift; sourceTree = "<group>"; };
		02C6AC1320781A6700FBE4B1 /* en */ = {isa = PBXFileReference; lastKnownFileType = text.plist.strings; name = en; path = en.lproj/Localizable.strings; sourceTree = "<group>"; };
		02C6AC1620781F1A00FBE4B1 /* Offer.swift */ = {isa = PBXFileReference; lastKnownFileType = sourcecode.swift; path = Offer.swift; sourceTree = "<group>"; };
		02DCAC7B2077921C00C61D1C /* Offers.app */ = {isa = PBXFileReference; explicitFileType = wrapper.application; includeInIndex = 0; path = Offers.app; sourceTree = BUILT_PRODUCTS_DIR; };
		02DCAC7E2077921C00C61D1C /* AppDelegate.swift */ = {isa = PBXFileReference; lastKnownFileType = sourcecode.swift; path = AppDelegate.swift; sourceTree = "<group>"; };
		02DCAC802077921C00C61D1C /* ViewController.swift */ = {isa = PBXFileReference; lastKnownFileType = sourcecode.swift; path = ViewController.swift; sourceTree = "<group>"; };
		02DCAC852077921E00C61D1C /* Assets.xcassets */ = {isa = PBXFileReference; lastKnownFileType = folder.assetcatalog; path = Assets.xcassets; sourceTree = "<group>"; };
		02DCAC882077921E00C61D1C /* Base */ = {isa = PBXFileReference; lastKnownFileType = file.storyboard; name = Base; path = Base.lproj/LaunchScreen.storyboard; sourceTree = "<group>"; };
		02DCAC8A2077921E00C61D1C /* Info.plist */ = {isa = PBXFileReference; lastKnownFileType = text.plist.xml; path = Info.plist; sourceTree = "<group>"; };
		02DCAC8F2077921F00C61D1C /* OffersTests.xctest */ = {isa = PBXFileReference; explicitFileType = wrapper.cfbundle; includeInIndex = 0; path = OffersTests.xctest; sourceTree = BUILT_PRODUCTS_DIR; };
		02DCAC932077921F00C61D1C /* OffersTests.swift */ = {isa = PBXFileReference; lastKnownFileType = sourcecode.swift; path = OffersTests.swift; sourceTree = "<group>"; };
		02DCAC952077921F00C61D1C /* Info.plist */ = {isa = PBXFileReference; lastKnownFileType = text.plist.xml; path = Info.plist; sourceTree = "<group>"; };
/* End PBXFileReference section */

/* Begin PBXFrameworksBuildPhase section */
		02DCAC782077921C00C61D1C /* Frameworks */ = {
			isa = PBXFrameworksBuildPhase;
			buildActionMask = 2147483647;
			files = (
			);
			runOnlyForDeploymentPostprocessing = 0;
		};
		02DCAC8C2077921F00C61D1C /* Frameworks */ = {
			isa = PBXFrameworksBuildPhase;
			buildActionMask = 2147483647;
			files = (
			);
			runOnlyForDeploymentPostprocessing = 0;
		};
/* End PBXFrameworksBuildPhase section */

/* Begin PBXGroup section */
		02DCAC722077921C00C61D1C = {
			isa = PBXGroup;
			children = (
				02DCAC7D2077921C00C61D1C /* Offers */,
				02DCAC922077921F00C61D1C /* OffersTests */,
				02DCAC7C2077921C00C61D1C /* Products */,
			);
			sourceTree = "<group>";
		};
		02DCAC7C2077921C00C61D1C /* Products */ = {
			isa = PBXGroup;
			children = (
				02DCAC7B2077921C00C61D1C /* Offers.app */,
				02DCAC8F2077921F00C61D1C /* OffersTests.xctest */,
			);
			name = Products;
			sourceTree = "<group>";
		};
		02DCAC7D2077921C00C61D1C /* Offers */ = {
			isa = PBXGroup;
			children = (
				02DCAC7E2077921C00C61D1C /* AppDelegate.swift */,
				02DCAC802077921C00C61D1C /* ViewController.swift */,
				02C6AC1620781F1A00FBE4B1 /* Offer.swift */,
				02A753A42078F9AE00A1EB7C /* OfferTableViewCell.swift */,
				02807AD0207BC487000A250C /* ShareViewController.swift */,
				02DCAC822077921C00C61D1C /* Main.storyboard */,
				02DCAC852077921E00C61D1C /* Assets.xcassets */,
				02DCAC872077921E00C61D1C /* LaunchScreen.storyboard */,
				02DCAC8A2077921E00C61D1C /* Info.plist */,
				02C6AC1420781A6700FBE4B1 /* Localizable.strings */,
			);
			path = Offers;
			sourceTree = "<group>";
		};
		02DCAC922077921F00C61D1C /* OffersTests */ = {
			isa = PBXGroup;
			children = (
				02DCAC932077921F00C61D1C /* OffersTests.swift */,
				02DCAC952077921F00C61D1C /* Info.plist */,
			);
			path = OffersTests;
			sourceTree = "<group>";
		};
/* End PBXGroup section */

/* Begin PBXNativeTarget section */
		02DCAC7A2077921C00C61D1C /* Offers */ = {
			isa = PBXNativeTarget;
			buildConfigurationList = 02DCAC982077921F00C61D1C /* Build configuration list for PBXNativeTarget "Offers" */;
			buildPhases = (
				02DCAC772077921C00C61D1C /* Sources */,
				02DCAC782077921C00C61D1C /* Frameworks */,
				02DCAC792077921C00C61D1C /* Resources */,
			);
			buildRules = (
			);
			dependencies = (
			);
			name = Offers;
			productName = Offers;
			productReference = 02DCAC7B2077921C00C61D1C /* Offers.app */;
			productType = "com.apple.product-type.application";
		};
		02DCAC8E2077921F00C61D1C /* OffersTests */ = {
			isa = PBXNativeTarget;
			buildConfigurationList = 02DCAC9B2077921F00C61D1C /* Build configuration list for PBXNativeTarget "OffersTests" */;
			buildPhases = (
				02DCAC8B2077921F00C61D1C /* Sources */,
				02DCAC8C2077921F00C61D1C /* Frameworks */,
				02DCAC8D2077921F00C61D1C /* Resources */,
			);
			buildRules = (
			);
			dependencies = (
				02DCAC912077921F00C61D1C /* PBXTargetDependency */,
			);
			name = OffersTests;
			productName = OffersTests;
			productReference = 02DCAC8F2077921F00C61D1C /* OffersTests.xctest */;
			productType = "com.apple.product-type.bundle.unit-test";
		};
/* End PBXNativeTarget section */

/* Begin PBXProject section */
		02DCAC732077921C00C61D1C /* Project object */ = {
			isa = PBXProject;
			attributes = {
				LastSwiftUpdateCheck = 0930;
				LastUpgradeCheck = 0930;
				ORGANIZATIONNAME = Mohanned;
				TargetAttributes = {
					02DCAC7A2077921C00C61D1C = {
						CreatedOnToolsVersion = 9.3;
					};
					02DCAC8E2077921F00C61D1C = {
						CreatedOnToolsVersion = 9.3;
						TestTargetID = 02DCAC7A2077921C00C61D1C;
					};
				};
			};
			buildConfigurationList = 02DCAC762077921C00C61D1C /* Build configuration list for PBXProject "Offers" */;
			compatibilityVersion = "Xcode 9.3";
			developmentRegion = en;
			hasScannedForEncodings = 0;
			knownRegions = (
				en,
				Base,
				ar,
			);
			mainGroup = 02DCAC722077921C00C61D1C;
			productRefGroup = 02DCAC7C2077921C00C61D1C /* Products */;
			projectDirPath = "";
			projectRoot = "";
			targets = (
				02DCAC7A2077921C00C61D1C /* Offers */,
				02DCAC8E2077921F00C61D1C /* OffersTests */,
			);
		};
/* End PBXProject section */

/* Begin PBXResourcesBuildPhase section */
		02DCAC792077921C00C61D1C /* Resources */ = {
			isa = PBXResourcesBuildPhase;
			buildActionMask = 2147483647;
			files = (
				02DCAC892077921E00C61D1C /* LaunchScreen.storyboard in Resources */,
				02C6AC1220781A6700FBE4B1 /* Localizable.strings in Resources */,
				02DCAC862077921E00C61D1C /* Assets.xcassets in Resources */,
				02DCAC842077921C00C61D1C /* Main.storyboard in Resources */,
			);
			runOnlyForDeploymentPostprocessing = 0;
		};
		02DCAC8D2077921F00C61D1C /* Resources */ = {
			isa = PBXResourcesBuildPhase;
			buildActionMask = 2147483647;
			files = (
			);
			runOnlyForDeploymentPostprocessing = 0;
		};
/* End PBXResourcesBuildPhase section */

/* Begin PBXSourcesBuildPhase section */
		02DCAC772077921C00C61D1C /* Sources */ = {
			isa = PBXSourcesBuildPhase;
			buildActionMask = 2147483647;
			files = (
				02807AD1207BC487000A250C /* ShareViewController.swift in Sources */,
				02A753A52078F9AE00A1EB7C /* OfferTableViewCell.swift in Sources */,
				02C6AC1720781F1A00FBE4B1 /* Offer.swift in Sources */,
				02DCAC812077921C00C61D1C /* ViewController.swift in Sources */,
				02DCAC7F2077921C00C61D1C /* AppDelegate.swift in Sources */,
			);
			runOnlyForDeploymentPostprocessing = 0;
		};
		02DCAC8B2077921F00C61D1C /* Sources */ = {
			isa = PBXSourcesBuildPhase;
			buildActionMask = 2147483647;
			files = (
				02DCAC942077921F00C61D1C /* OffersTests.swift in Sources */,
			);
			runOnlyForDeploymentPostprocessing = 0;
		};
/* End PBXSourcesBuildPhase section */

/* Begin PBXTargetDependency section */
		02DCAC912077921F00C61D1C /* PBXTargetDependency */ = {
			isa = PBXTargetDependency;
			target = 02DCAC7A2077921C00C61D1C /* Offers */;
			targetProxy = 02DCAC902077921F00C61D1C /* PBXContainerItemProxy */;
		};
/* End PBXTargetDependency section */

/* Begin PBXVariantGroup section */
		02C6AC1420781A6700FBE4B1 /* Localizable.strings */ = {
			isa = PBXVariantGroup;
			children = (
				02C6AC1320781A6700FBE4B1 /* en */,
				027E7A29207D44AF00F6690B /* ar */,
			);
			name = Localizable.strings;
			sourceTree = "<group>";
		};
		02DCAC822077921C00C61D1C /* Main.storyboard */ = {
			isa = PBXVariantGroup;
			children = (
				027E7A2B207D479B00F6690B /* ar */,
				027E7A2C207D479B00F6690B /* en */,
				027E7A2D207D47EF00F6690B /* Base */,
			);
			name = Main.storyboard;
			sourceTree = "<group>";
		};
		02DCAC872077921E00C61D1C /* LaunchScreen.storyboard */ = {
			isa = PBXVariantGroup;
			children = (
				02DCAC882077921E00C61D1C /* Base */,
				027E7A28207D44AF00F6690B /* ar */,
			);
			name = LaunchScreen.storyboard;
			sourceTree = "<group>";
		};
/* End PBXVariantGroup section */

/* Begin XCBuildConfiguration section */
		02DCAC962077921F00C61D1C /* Debug */ = {
			isa = XCBuildConfiguration;
			buildSettings = {
				ALWAYS_SEARCH_USER_PATHS = NO;
				CLANG_ANALYZER_LOCALIZABILITY_NONLOCALIZED = YES;
				CLANG_ANALYZER_NONNULL = YES;
				CLANG_ANALYZER_NUMBER_OBJECT_CONVERSION = YES_AGGRESSIVE;
				CLANG_CXX_LANGUAGE_STANDARD = "gnu++14";
				CLANG_CXX_LIBRARY = "libc++";
				CLANG_ENABLE_MODULES = YES;
				CLANG_ENABLE_OBJC_ARC = YES;
				CLANG_ENABLE_OBJC_WEAK = YES;
				CLANG_WARN_BLOCK_CAPTURE_AUTORELEASING = YES;
				CLANG_WARN_BOOL_CONVERSION = YES;
				CLANG_WARN_COMMA = YES;
				CLANG_WARN_CONSTANT_CONVERSION = YES;
				CLANG_WARN_DEPRECATED_OBJC_IMPLEMENTATIONS = YES;
				CLANG_WARN_DIRECT_OBJC_ISA_USAGE = YES_ERROR;
				CLANG_WARN_DOCUMENTATION_COMMENTS = YES;
				CLANG_WARN_EMPTY_BODY = YES;
				CLANG_WARN_ENUM_CONVERSION = YES;
				CLANG_WARN_INFINITE_RECURSION = YES;
				CLANG_WARN_INT_CONVERSION = YES;
				CLANG_WARN_NON_LITERAL_NULL_CONVERSION = YES;
				CLANG_WARN_OBJC_IMPLICIT_RETAIN_SELF = YES;
				CLANG_WARN_OBJC_LITERAL_CONVERSION = YES;
				CLANG_WARN_OBJC_ROOT_CLASS = YES_ERROR;
				CLANG_WARN_RANGE_LOOP_ANALYSIS = YES;
				CLANG_WARN_STRICT_PROTOTYPES = YES;
				CLANG_WARN_SUSPICIOUS_MOVE = YES;
				CLANG_WARN_UNGUARDED_AVAILABILITY = YES_AGGRESSIVE;
				CLANG_WARN_UNREACHABLE_CODE = YES;
				CLANG_WARN__DUPLICATE_METHOD_MATCH = YES;
				CODE_SIGN_IDENTITY = "iPhone Developer";
				COPY_PHASE_STRIP = NO;
				DEBUG_INFORMATION_FORMAT = dwarf;
				ENABLE_STRICT_OBJC_MSGSEND = YES;
				ENABLE_TESTABILITY = YES;
				GCC_C_LANGUAGE_STANDARD = gnu11;
				GCC_DYNAMIC_NO_PIC = NO;
				GCC_NO_COMMON_BLOCKS = YES;
				GCC_OPTIMIZATION_LEVEL = 0;
				GCC_PREPROCESSOR_DEFINITIONS = (
					"DEBUG=1",
					"$(inherited)",
				);
				GCC_WARN_64_TO_32_BIT_CONVERSION = YES;
				GCC_WARN_ABOUT_RETURN_TYPE = YES_ERROR;
				GCC_WARN_UNDECLARED_SELECTOR = YES;
				GCC_WARN_UNINITIALIZED_AUTOS = YES_AGGRESSIVE;
				GCC_WARN_UNUSED_FUNCTION = YES;
				GCC_WARN_UNUSED_VARIABLE = YES;
				IPHONEOS_DEPLOYMENT_TARGET = 11.3;
				MTL_ENABLE_DEBUG_INFO = YES;
				ONLY_ACTIVE_ARCH = YES;
				SDKROOT = iphoneos;
				SWIFT_ACTIVE_COMPILATION_CONDITIONS = DEBUG;
				SWIFT_OPTIMIZATION_LEVEL = "-Onone";
			};
			name = Debug;
		};
		02DCAC972077921F00C61D1C /* Release */ = {
			isa = XCBuildConfiguration;
			buildSettings = {
				ALWAYS_SEARCH_USER_PATHS = NO;
				CLANG_ANALYZER_LOCALIZABILITY_NONLOCALIZED = YES;
				CLANG_ANALYZER_NONNULL = YES;
				CLANG_ANALYZER_NUMBER_OBJECT_CONVERSION = YES_AGGRESSIVE;
				CLANG_CXX_LANGUAGE_STANDARD = "gnu++14";
				CLANG_CXX_LIBRARY = "libc++";
				CLANG_ENABLE_MODULES = YES;
				CLANG_ENABLE_OBJC_ARC = YES;
				CLANG_ENABLE_OBJC_WEAK = YES;
				CLANG_WARN_BLOCK_CAPTURE_AUTORELEASING = YES;
				CLANG_WARN_BOOL_CONVERSION = YES;
				CLANG_WARN_COMMA = YES;
				CLANG_WARN_CONSTANT_CONVERSION = YES;
				CLANG_WARN_DEPRECATED_OBJC_IMPLEMENTATIONS = YES;
				CLANG_WARN_DIRECT_OBJC_ISA_USAGE = YES_ERROR;
				CLANG_WARN_DOCUMENTATION_COMMENTS = YES;
				CLANG_WARN_EMPTY_BODY = YES;
				CLANG_WARN_ENUM_CONVERSION = YES;
				CLANG_WARN_INFINITE_RECURSION = YES;
				CLANG_WARN_INT_CONVERSION = YES;
				CLANG_WARN_NON_LITERAL_NULL_CONVERSION = YES;
				CLANG_WARN_OBJC_IMPLICIT_RETAIN_SELF = YES;
				CLANG_WARN_OBJC_LITERAL_CONVERSION = YES;
				CLANG_WARN_OBJC_ROOT_CLASS = YES_ERROR;
				CLANG_WARN_RANGE_LOOP_ANALYSIS = YES;
				CLANG_WARN_STRICT_PROTOTYPES = YES;
				CLANG_WARN_SUSPICIOUS_MOVE = YES;
				CLANG_WARN_UNGUARDED_AVAILABILITY = YES_AGGRESSIVE;
				CLANG_WARN_UNREACHABLE_CODE = YES;
				CLANG_WARN__DUPLICATE_METHOD_MATCH = YES;
				CODE_SIGN_IDENTITY = "iPhone Developer";
				COPY_PHASE_STRIP = NO;
				DEBUG_INFORMATION_FORMAT = "dwarf-with-dsym";
				ENABLE_NS_ASSERTIONS = NO;
				ENABLE_STRICT_OBJC_MSGSEND = YES;
				GCC_C_LANGUAGE_STANDARD = gnu11;
				GCC_NO_COMMON_BLOCKS = YES;
				GCC_WARN_64_TO_32_BIT_CONVERSION = YES;
				GCC_WARN_ABOUT_RETURN_TYPE = YES_ERROR;
				GCC_WARN_UNDECLARED_SELECTOR = YES;
				GCC_WARN_UNINITIALIZED_AUTOS = YES_AGGRESSIVE;
				GCC_WARN_UNUSED_FUNCTION = YES;
				GCC_WARN_UNUSED_VARIABLE = YES;
				IPHONEOS_DEPLOYMENT_TARGET = 11.3;
				MTL_ENABLE_DEBUG_INFO = NO;
				SDKROOT = iphoneos;
				SWIFT_COMPILATION_MODE = wholemodule;
				SWIFT_OPTIMIZATION_LEVEL = "-O";
				VALIDATE_PRODUCT = YES;
			};
			name = Release;
		};
		02DCAC992077921F00C61D1C /* Debug */ = {
			isa = XCBuildConfiguration;
			buildSettings = {
				ASSETCATALOG_COMPILER_APPICON_NAME = AppIcon;
				CODE_SIGN_IDENTITY = "iPhone Developer";
				CODE_SIGN_STYLE = Automatic;
				DEVELOPMENT_TEAM = 86K78YBMR9;
				INFOPLIST_FILE = Offers/Info.plist;
				IPHONEOS_DEPLOYMENT_TARGET = 11.0;
				LD_RUNPATH_SEARCH_PATHS = (
					"$(inherited)",
					"@executable_path/Frameworks",
				);
				PRODUCT_BUNDLE_IDENTIFIER = Mohanned.Offers;
				PRODUCT_NAME = "$(TARGET_NAME)";
				PROVISIONING_PROFILE_SPECIFIER = "";
				SWIFT_VERSION = 4.0;
				TARGETED_DEVICE_FAMILY = "1,2";
			};
			name = Debug;
		};
		02DCAC9A2077921F00C61D1C /* Release */ = {
			isa = XCBuildConfiguration;
			buildSettings = {
				ASSETCATALOG_COMPILER_APPICON_NAME = AppIcon;
				CODE_SIGN_IDENTITY = "iPhone Developer";
				CODE_SIGN_STYLE = Automatic;
				DEVELOPMENT_TEAM = 86K78YBMR9;
				INFOPLIST_FILE = Offers/Info.plist;
				IPHONEOS_DEPLOYMENT_TARGET = 11.0;
				LD_RUNPATH_SEARCH_PATHS = (
					"$(inherited)",
					"@executable_path/Frameworks",
				);
				PRODUCT_BUNDLE_IDENTIFIER = Mohanned.Offers;
				PRODUCT_NAME = "$(TARGET_NAME)";
				PROVISIONING_PROFILE_SPECIFIER = "";
				SWIFT_VERSION = 4.0;
				TARGETED_DEVICE_FAMILY = "1,2";
			};
			name = Release;
		};
		02DCAC9C2077921F00C61D1C /* Debug */ = {
			isa = XCBuildConfiguration;
			buildSettings = {
				ALWAYS_EMBED_SWIFT_STANDARD_LIBRARIES = YES;
				BUNDLE_LOADER = "$(TEST_HOST)";
				CODE_SIGN_STYLE = Automatic;
				DEVELOPMENT_TEAM = 86K78YBMR9;
				INFOPLIST_FILE = OffersTests/Info.plist;
				LD_RUNPATH_SEARCH_PATHS = (
					"$(inherited)",
					"@executable_path/Frameworks",
					"@loader_path/Frameworks",
				);
				PRODUCT_BUNDLE_IDENTIFIER = Mohanned.OffersTests;
				PRODUCT_NAME = "$(TARGET_NAME)";
				SWIFT_VERSION = 4.0;
				TARGETED_DEVICE_FAMILY = "1,2";
				TEST_HOST = "$(BUILT_PRODUCTS_DIR)/Offers.app/Offers";
			};
			name = Debug;
		};
		02DCAC9D2077921F00C61D1C /* Release */ = {
			isa = XCBuildConfiguration;
			buildSettings = {
				ALWAYS_EMBED_SWIFT_STANDARD_LIBRARIES = YES;
				BUNDLE_LOADER = "$(TEST_HOST)";
				CODE_SIGN_STYLE = Automatic;
				DEVELOPMENT_TEAM = 86K78YBMR9;
				INFOPLIST_FILE = OffersTests/Info.plist;
				LD_RUNPATH_SEARCH_PATHS = (
					"$(inherited)",
					"@executable_path/Frameworks",
					"@loader_path/Frameworks",
				);
				PRODUCT_BUNDLE_IDENTIFIER = Mohanned.OffersTests;
				PRODUCT_NAME = "$(TARGET_NAME)";
				SWIFT_VERSION = 4.0;
				TARGETED_DEVICE_FAMILY = "1,2";
				TEST_HOST = "$(BUILT_PRODUCTS_DIR)/Offers.app/Offers";
			};
			name = Release;
		};
/* End XCBuildConfiguration section */

/* Begin XCConfigurationList section */
		02DCAC762077921C00C61D1C /* Build configuration list for PBXProject "Offers" */ = {
			isa = XCConfigurationList;
			buildConfigurations = (
				02DCAC962077921F00C61D1C /* Debug */,
				02DCAC972077921F00C61D1C /* Release */,
			);
			defaultConfigurationIsVisible = 0;
			defaultConfigurationName = Release;
		};
		02DCAC982077921F00C61D1C /* Build configuration list for PBXNativeTarget "Offers" */ = {
			isa = XCConfigurationList;
			buildConfigurations = (
				02DCAC992077921F00C61D1C /* Debug */,
				02DCAC9A2077921F00C61D1C /* Release */,
			);
			defaultConfigurationIsVisible = 0;
			defaultConfigurationName = Release;
		};
		02DCAC9B2077921F00C61D1C /* Build configuration list for PBXNativeTarget "OffersTests" */ = {
			isa = XCConfigurationList;
			buildConfigurations = (
				02DCAC9C2077921F00C61D1C /* Debug */,
				02DCAC9D2077921F00C61D1C /* Release */,
			);
			defaultConfigurationIsVisible = 0;
			defaultConfigurationName = Release;
		};
/* End XCConfigurationList section */
	};
	rootObject = 02DCAC732077921C00C61D1C /* Project object */;
}
